<?xml version="1.0" encoding="utf-8"?>
<Project ToolsVersion="4.0" xmlns="http://schemas.microsoft.com/developer/msbuild/2003">
  <ItemGroup>
    <Filter Include="Source Files">
      <UniqueIdentifier>{4FC737F1-C7A5-4376-A066-2A32D752A2FF}</UniqueIdentifier>
      <Extensions>cpp;c;cc;cxx;def;odl;idl;hpj;bat;asm;asmx</Extensions>
    </Filter>
    <Filter Include="Header Files">
      <UniqueIdentifier>{93995380-89BD-4b04-88EB-625FBE52EBFB}</UniqueIdentifier>
      <Extensions>h;hh;hpp;hxx;hm;inl;inc;xsd</Extensions>
    </Filter>
    <Filter Include="Resource Files">
      <UniqueIdentifier>{67DA6AB6-F800-4c08-8B7A-83BB121AAD01}</UniqueIdentifier>
      <Extensions>rc;ico;cur;bmp;dlg;rc2;rct;bin;rgs;gif;jpg;jpeg;jpe;resx;tiff;tif;png;wav;mfcribbon-ms</Extensions>
    </Filter>
    <Filter Include="Source Files\ExceptionToolKit">
      <UniqueIdentifier>{8c94c6a4-c541-4d40-b108-6588820dec98}</UniqueIdentifier>
    </Filter>
  </ItemGroup>
  <ItemGroup>
    <ClInclude Include="FLSystem.h">
      <Filter>Header Files</Filter>
    </ClInclude>
    <ClInclude Include="FLObject.h">
      <Filter>Header Files</Filter>
    </ClInclude>
    <ClInclude Include="FLRule.h">
      <Filter>Header Files</Filter>
    </ClInclude>
    <ClInclude Include="FLLogicObject.h">
      <Filter>Header Files</Filter>
    </ClInclude>
    <ClInclude Include="FuzzyMathOperators.h">
      <Filter>Header Files</Filter>
    </ClInclude>
    <ClInclude Include="ExceptionToolKit\ExceptionC.h">
      <Filter>Source Files\ExceptionToolKit</Filter>
    </ClInclude>
    <ClInclude Include="FLInput.h">
      <Filter>Header Files</Filter>
    </ClInclude>
    <ClInclude Include="FLOutput.h">
      <Filter>Header Files</Filter>
    </ClInclude>
    <ClInclude Include="FLRShoulder.h">
      <Filter>Header Files</Filter>
    </ClInclude>
    <ClInclude Include="FLRTriangle.h">
      <Filter>Header Files</Filter>
    </ClInclude>
    <ClInclude Include="FLRPolly.h">
      <Filter>Header Files</Filter>
    </ClInclude>
  </ItemGroup>
  <ItemGroup>
    <ClCompile Include="FLSystem.cpp">
      <Filter>Source Files</Filter>
    </ClCompile>
    <ClCompile Include="FLObject.cpp">
      <Filter>Source Files</Filter>
    </ClCompile>
    <ClCompile Include="FLRule.cpp">
      <Filter>Source Files</Filter>
    </ClCompile>
    <ClCompile Include="FLLogicObject.cpp">
      <Filter>Source Files</Filter>
    </ClCompile>
    <ClCompile Include="FLInput.cpp">
      <Filter>Source Files</Filter>
    </ClCompile>
    <ClCompile Include="FLOutput.cpp">
      <Filter>Source Files</Filter>
    </ClCompile>
    <ClCompile Include="FLRShoulder.cpp">
      <Filter>Source Files</Filter>
    </ClCompile>
    <ClCompile Include="FLRTriangle.cpp">
      <Filter>Source Files</Filter>
    </ClCompile>
    <ClCompile Include="FLRPolly.cpp">
      <Filter>Source Files</Filter>
    </ClCompile>
  </ItemGroup>
</Project>